
Microsoft Visual Studio Solution File, Format Version 12.00
# Visual Studio Version 17
VisualStudioVersion = 17.9.34728.123
MinimumVisualStudioVersion = 10.0.40219.1
Project("{FAE04EC0-301F-11D3-BF4B-00C04F79EFBC}") = "FlashCard", "FlashCard\FlashCard.csproj", "{B2C63537-E73B-4E07-8DC9-3220A8E9ABA1}"
EndProject
Global
	GlobalSection(SolutionConfigurationPlatforms) = preSolution
		Debug|Any CPU = Debug|Any CPU
		Release|Any CPU = Release|Any CPU
	EndGlobalSection
	GlobalSection(ProjectConfigurationPlatforms) = postSolution
		{B2C63537-E73B-4E07-8DC9-3220A8E9ABA1}.Debug|Any CPU.ActiveCfg = Debug|Any CPU
		{B2C63537-E73B-4E07-8DC9-3220A8E9ABA1}.Debug|Any CPU.Build.0 = Debug|Any CPU
		{B2C63537-E73B-4E07-8DC9-3220A8E9ABA1}.Release|Any CPU.ActiveCfg = Release|Any CPU
		{B2C63537-E73B-4E07-8DC9-3220A8E9ABA1}.Release|Any CPU.Build.0 = Release|Any CPU
	EndGlobalSection
	GlobalSection(SolutionProperties) = preSolution
		HideSolutionNode = FALSE
	EndGlobalSection
	GlobalSection(ExtensibilityGlobals) = postSolution
		SolutionGuid = {DE7A27D2-CDFD-4320-8644-D5A2F54E3912}
	EndGlobalSection
EndGlobal
